// !$*UTF8*$!
{
	archiveVersion = 1;
	classes = {
	};
	objectVersion = 54;
	objects = {

/* Begin PBXBuildFile section */
		0B628177235DEE8100E35CAF /* AppDelegate.swift in Sources */ = {isa = PBXBuildFile; fileRef = 0B628176235DEE8100E35CAF /* AppDelegate.swift */; };
		0B628179235DEE8100E35CAF /* SceneDelegate.swift in Sources */ = {isa = PBXBuildFile; fileRef = 0B628178235DEE8100E35CAF /* SceneDelegate.swift */; };
		0B62817E235DEE8100E35CAF /* Main.storyboard in Resources */ = {isa = PBXBuildFile; fileRef = 0B62817C235DEE8100E35CAF /* Main.storyboard */; };
		0B628180235DEE8400E35CAF /* Assets.xcassets in Resources */ = {isa = PBXBuildFile; fileRef = 0B62817F235DEE8400E35CAF /* Assets.xcassets */; };
		0B628183235DEE8400E35CAF /* LaunchScreen.storyboard in Resources */ = {isa = PBXBuildFile; fileRef = 0B628181235DEE8400E35CAF /* LaunchScreen.storyboard */; };
		0B62818B235DF00000E35CAF /* WelcomeViewController.swift in Sources */ = {isa = PBXBuildFile; fileRef = 0B62818A235DF00000E35CAF /* WelcomeViewController.swift */; };
		0B62818D235DF00B00E35CAF /* RegisterViewController.swift in Sources */ = {isa = PBXBuildFile; fileRef = 0B62818C235DF00B00E35CAF /* RegisterViewController.swift */; };
		0B62818F235DF01000E35CAF /* LoginViewController.swift in Sources */ = {isa = PBXBuildFile; fileRef = 0B62818E235DF01000E35CAF /* LoginViewController.swift */; };
		0B628191235DF01B00E35CAF /* ChatViewController.swift in Sources */ = {isa = PBXBuildFile; fileRef = 0B628190235DF01B00E35CAF /* ChatViewController.swift */; };
		0B62819E235F0F4D00E35CAF /* README.md in Resources */ = {isa = PBXBuildFile; fileRef = 0B62819D235F0F4D00E35CAF /* README.md */; };
		625B87D82C7D313C002A2BB2 /* Constants.swift in Sources */ = {isa = PBXBuildFile; fileRef = 625B87D72C7D313C002A2BB2 /* Constants.swift */; };
		625B87DA2C7D353D002A2BB2 /* Message.swift in Sources */ = {isa = PBXBuildFile; fileRef = 625B87D92C7D353D002A2BB2 /* Message.swift */; };
		626613CF2C80EBBD003CED09 /* AppCheck.swift in Sources */ = {isa = PBXBuildFile; fileRef = 626613CE2C80EBBD003CED09 /* AppCheck.swift */; };
		626613D12C80EBFF003CED09 /* AppCheckFactory.swift in Sources */ = {isa = PBXBuildFile; fileRef = 626613D02C80EBFF003CED09 /* AppCheckFactory.swift */; };
		6277A2452C7F5B5800A86AD6 /* MessageCell.swift in Sources */ = {isa = PBXBuildFile; fileRef = 6277A2432C7F5B5800A86AD6 /* MessageCell.swift */; };
		6277A2462C7F5B5800A86AD6 /* MessageCell.xib in Resources */ = {isa = PBXBuildFile; fileRef = 6277A2442C7F5B5800A86AD6 /* MessageCell.xib */; };
		6290D3FC2C80F02500C8B93E /* FirebaseAppCheck in Frameworks */ = {isa = PBXBuildFile; productRef = 6290D3FB2C80F02500C8B93E /* FirebaseAppCheck */; };
		62D84C702C8106EF00F57700 /* IQKeyboardManagerSwift in Frameworks */ = {isa = PBXBuildFile; productRef = 62D84C6F2C8106EF00F57700 /* IQKeyboardManagerSwift */; };
		62FD0B312C7BE3F50080E2EE /* FirebaseAuth in Frameworks */ = {isa = PBXBuildFile; productRef = 62FD0B302C7BE3F50080E2EE /* FirebaseAuth */; };
		62FD0B332C7BE3F50080E2EE /* FirebaseFirestore in Frameworks */ = {isa = PBXBuildFile; productRef = 62FD0B322C7BE3F50080E2EE /* FirebaseFirestore */; };
		62FD0B372C7BE3F50080E2EE /* FirebaseInstallations in Frameworks */ = {isa = PBXBuildFile; productRef = 62FD0B362C7BE3F50080E2EE /* FirebaseInstallations */; };
		62FD0B392C7BE3F50080E2EE /* FirebaseMessaging in Frameworks */ = {isa = PBXBuildFile; productRef = 62FD0B382C7BE3F50080E2EE /* FirebaseMessaging */; };
		62FD0B3B2C7BE3F50080E2EE /* FirebaseStorage in Frameworks */ = {isa = PBXBuildFile; productRef = 62FD0B3A2C7BE3F50080E2EE /* FirebaseStorage */; };
		62FD0B3D2C7BE4E50080E2EE /* GoogleService-Info.plist in Resources */ = {isa = PBXBuildFile; fileRef = 62FD0B3C2C7BE4E50080E2EE /* GoogleService-Info.plist */; };
		D4915317DEE6C2778212FBA9 /* Pods_Flash_Chat_iOS13.framework in Frameworks */ = {isa = PBXBuildFile; fileRef = 44CC250E515B4D741A0A4698 /* Pods_Flash_Chat_iOS13.framework */; };
/* End PBXBuildFile section */

/* Begin PBXFileReference section */
		0B628173235DEE8100E35CAF /* Flash Chat iOS13.app */ = {isa = PBXFileReference; explicitFileType = wrapper.application; includeInIndex = 0; path = "Flash Chat iOS13.app"; sourceTree = BUILT_PRODUCTS_DIR; };
		0B628176235DEE8100E35CAF /* AppDelegate.swift */ = {isa = PBXFileReference; lastKnownFileType = sourcecode.swift; path = AppDelegate.swift; sourceTree = "<group>"; };
		0B628178235DEE8100E35CAF /* SceneDelegate.swift */ = {isa = PBXFileReference; lastKnownFileType = sourcecode.swift; path = SceneDelegate.swift; sourceTree = "<group>"; };
		0B62817D235DEE8100E35CAF /* Base */ = {isa = PBXFileReference; lastKnownFileType = file.storyboard; name = Base; path = Base.lproj/Main.storyboard; sourceTree = "<group>"; };
		0B62817F235DEE8400E35CAF /* Assets.xcassets */ = {isa = PBXFileReference; lastKnownFileType = folder.assetcatalog; path = Assets.xcassets; sourceTree = "<group>"; };
		0B628182235DEE8400E35CAF /* Base */ = {isa = PBXFileReference; lastKnownFileType = file.storyboard; name = Base; path = Base.lproj/LaunchScreen.storyboard; sourceTree = "<group>"; };
		0B628184235DEE8400E35CAF /* Info.plist */ = {isa = PBXFileReference; lastKnownFileType = text.plist.xml; path = Info.plist; sourceTree = "<group>"; };
		0B62818A235DF00000E35CAF /* WelcomeViewController.swift */ = {isa = PBXFileReference; lastKnownFileType = sourcecode.swift; path = WelcomeViewController.swift; sourceTree = "<group>"; };
		0B62818C235DF00B00E35CAF /* RegisterViewController.swift */ = {isa = PBXFileReference; lastKnownFileType = sourcecode.swift; path = RegisterViewController.swift; sourceTree = "<group>"; };
		0B62818E235DF01000E35CAF /* LoginViewController.swift */ = {isa = PBXFileReference; lastKnownFileType = sourcecode.swift; path = LoginViewController.swift; sourceTree = "<group>"; };
		0B628190235DF01B00E35CAF /* ChatViewController.swift */ = {isa = PBXFileReference; lastKnownFileType = sourcecode.swift; path = ChatViewController.swift; sourceTree = "<group>"; };
		0B62819D235F0F4D00E35CAF /* README.md */ = {isa = PBXFileReference; fileEncoding = 4; lastKnownFileType = net.daringfireball.markdown; path = README.md; sourceTree = "<group>"; };
		44CC250E515B4D741A0A4698 /* Pods_Flash_Chat_iOS13.framework */ = {isa = PBXFileReference; explicitFileType = wrapper.framework; includeInIndex = 0; path = Pods_Flash_Chat_iOS13.framework; sourceTree = BUILT_PRODUCTS_DIR; };
		625B87D72C7D313C002A2BB2 /* Constants.swift */ = {isa = PBXFileReference; lastKnownFileType = sourcecode.swift; path = Constants.swift; sourceTree = "<group>"; };
		625B87D92C7D353D002A2BB2 /* Message.swift */ = {isa = PBXFileReference; lastKnownFileType = sourcecode.swift; name = Message.swift; path = "Flash Chat iOS13/Constants/Message.swift"; sourceTree = SOURCE_ROOT; };
		626613CE2C80EBBD003CED09 /* AppCheck.swift */ = {isa = PBXFileReference; lastKnownFileType = sourcecode.swift; path = AppCheck.swift; sourceTree = "<group>"; };
		626613D02C80EBFF003CED09 /* AppCheckFactory.swift */ = {isa = PBXFileReference; lastKnownFileType = sourcecode.swift; path = AppCheckFactory.swift; sourceTree = "<group>"; };
		6277A2432C7F5B5800A86AD6 /* MessageCell.swift */ = {isa = PBXFileReference; lastKnownFileType = sourcecode.swift; path = MessageCell.swift; sourceTree = "<group>"; };
		6277A2442C7F5B5800A86AD6 /* MessageCell.xib */ = {isa = PBXFileReference; lastKnownFileType = file.xib; path = MessageCell.xib; sourceTree = "<group>"; };
		62FD0B3C2C7BE4E50080E2EE /* GoogleService-Info.plist */ = {isa = PBXFileReference; fileEncoding = 4; lastKnownFileType = text.plist.xml; path = "GoogleService-Info.plist"; sourceTree = "<group>"; };
		6E76F928DA4CDD581D971FFE /* Pods-Flash Chat iOS13.debug.xcconfig */ = {isa = PBXFileReference; includeInIndex = 1; lastKnownFileType = text.xcconfig; name = "Pods-Flash Chat iOS13.debug.xcconfig"; path = "Target Support Files/Pods-Flash Chat iOS13/Pods-Flash Chat iOS13.debug.xcconfig"; sourceTree = "<group>"; };
		9A5FEF2D661468E1532F5FBD /* Pods-Flash Chat iOS13.release.xcconfig */ = {isa = PBXFileReference; includeInIndex = 1; lastKnownFileType = text.xcconfig; name = "Pods-Flash Chat iOS13.release.xcconfig"; path = "Target Support Files/Pods-Flash Chat iOS13/Pods-Flash Chat iOS13.release.xcconfig"; sourceTree = "<group>"; };
/* End PBXFileReference section */

/* Begin PBXFrameworksBuildPhase section */
		0B628170235DEE8100E35CAF /* Frameworks */ = {
			isa = PBXFrameworksBuildPhase;
			buildActionMask = 2147483647;
			files = (
				62FD0B392C7BE3F50080E2EE /* FirebaseMessaging in Frameworks */,
				62D84C702C8106EF00F57700 /* IQKeyboardManagerSwift in Frameworks */,
				D4915317DEE6C2778212FBA9 /* Pods_Flash_Chat_iOS13.framework in Frameworks */,
				62FD0B312C7BE3F50080E2EE /* FirebaseAuth in Frameworks */,
				62FD0B332C7BE3F50080E2EE /* FirebaseFirestore in Frameworks */,
				6290D3FC2C80F02500C8B93E /* FirebaseAppCheck in Frameworks */,
				62FD0B3B2C7BE3F50080E2EE /* FirebaseStorage in Frameworks */,
				62FD0B372C7BE3F50080E2EE /* FirebaseInstallations in Frameworks */,
			);
			runOnlyForDeploymentPostprocessing = 0;
		};
/* End PBXFrameworksBuildPhase section */

/* Begin PBXGroup section */
		0B62816A235DEE8100E35CAF = {
			isa = PBXGroup;
			children = (
				0B62819D235F0F4D00E35CAF /* README.md */,
				0B628175235DEE8100E35CAF /* Flash Chat iOS13 */,
				0B628174235DEE8100E35CAF /* Products */,
				8EBDA5ADFA9B1D67F3AD6B05 /* Pods */,
				780D43DA39C22DCCC892D54F /* Frameworks */,
			);
			sourceTree = "<group>";
		};
		0B628174235DEE8100E35CAF /* Products */ = {
			isa = PBXGroup;
			children = (
				0B628173235DEE8100E35CAF /* Flash Chat iOS13.app */,
			);
			name = Products;
			sourceTree = "<group>";
		};
		0B628175235DEE8100E35CAF /* Flash Chat iOS13 */ = {
			isa = PBXGroup;
			children = (
				626613D22C80EC20003CED09 /* AppCheck */,
				625B87D62C7D312B002A2BB2 /* Constants */,
				0B628176235DEE8100E35CAF /* AppDelegate.swift */,
				0B628178235DEE8100E35CAF /* SceneDelegate.swift */,
				0B628194235DF03A00E35CAF /* Models */,
				0B628193235DF03400E35CAF /* Views */,
				0B628192235DF02000E35CAF /* Controllers */,
				0B62817F235DEE8400E35CAF /* Assets.xcassets */,
				0B628181235DEE8400E35CAF /* LaunchScreen.storyboard */,
				62FD0B3C2C7BE4E50080E2EE /* GoogleService-Info.plist */,
				0B628184235DEE8400E35CAF /* Info.plist */,
			);
			path = "Flash Chat iOS13";
			sourceTree = "<group>";
		};
		0B628192235DF02000E35CAF /* Controllers */ = {
			isa = PBXGroup;
			children = (
				0B62818A235DF00000E35CAF /* WelcomeViewController.swift */,
				0B62818C235DF00B00E35CAF /* RegisterViewController.swift */,
				0B62818E235DF01000E35CAF /* LoginViewController.swift */,
				0B628190235DF01B00E35CAF /* ChatViewController.swift */,
			);
			path = Controllers;
			sourceTree = "<group>";
		};
		0B628193235DF03400E35CAF /* Views */ = {
			isa = PBXGroup;
			children = (
				0B62817C235DEE8100E35CAF /* Main.storyboard */,
				6277A2432C7F5B5800A86AD6 /* MessageCell.swift */,
				6277A2442C7F5B5800A86AD6 /* MessageCell.xib */,
			);
			path = Views;
			sourceTree = "<group>";
		};
		0B628194235DF03A00E35CAF /* Models */ = {
			isa = PBXGroup;
			children = (
				625B87D92C7D353D002A2BB2 /* Message.swift */,
			);
			path = Models;
			sourceTree = "<group>";
		};
		625B87D62C7D312B002A2BB2 /* Constants */ = {
			isa = PBXGroup;
			children = (
				625B87D72C7D313C002A2BB2 /* Constants.swift */,
			);
			path = Constants;
			sourceTree = "<group>";
		};
		626613D22C80EC20003CED09 /* AppCheck */ = {
			isa = PBXGroup;
			children = (
				626613CE2C80EBBD003CED09 /* AppCheck.swift */,
				626613D02C80EBFF003CED09 /* AppCheckFactory.swift */,
			);
			path = AppCheck;
			sourceTree = "<group>";
		};
		780D43DA39C22DCCC892D54F /* Frameworks */ = {
			isa = PBXGroup;
			children = (
				44CC250E515B4D741A0A4698 /* Pods_Flash_Chat_iOS13.framework */,
			);
			name = Frameworks;
			sourceTree = "<group>";
		};
		8EBDA5ADFA9B1D67F3AD6B05 /* Pods */ = {
			isa = PBXGroup;
			children = (
				6E76F928DA4CDD581D971FFE /* Pods-Flash Chat iOS13.debug.xcconfig */,
				9A5FEF2D661468E1532F5FBD /* Pods-Flash Chat iOS13.release.xcconfig */,
			);
			path = Pods;
			sourceTree = "<group>";
		};
/* End PBXGroup section */

/* Begin PBXNativeTarget section */
		0B628172235DEE8100E35CAF /* Flash Chat iOS13 */ = {
			isa = PBXNativeTarget;
			buildConfigurationList = 0B628187235DEE8400E35CAF /* Build configuration list for PBXNativeTarget "Flash Chat iOS13" */;
			buildPhases = (
				06AA1ADEE4429E1A38456E17 /* [CP] Check Pods Manifest.lock */,
				0B62816F235DEE8100E35CAF /* Sources */,
				0B628170235DEE8100E35CAF /* Frameworks */,
				0B628171235DEE8100E35CAF /* Resources */,
				9B50ABFCF2443ED54B158F65 /* [CP] Embed Pods Frameworks */,
			);
			buildRules = (
			);
			dependencies = (
			);
			name = "Flash Chat iOS13";
			packageProductDependencies = (
				62FD0B302C7BE3F50080E2EE /* FirebaseAuth */,
				62FD0B322C7BE3F50080E2EE /* FirebaseFirestore */,
				62FD0B362C7BE3F50080E2EE /* FirebaseInstallations */,
				62FD0B382C7BE3F50080E2EE /* FirebaseMessaging */,
				62FD0B3A2C7BE3F50080E2EE /* FirebaseStorage */,
				6290D3FB2C80F02500C8B93E /* FirebaseAppCheck */,
				62D84C6F2C8106EF00F57700 /* IQKeyboardManagerSwift */,
			);
			productName = "Flash Chat iOS13";
			productReference = 0B628173235DEE8100E35CAF /* Flash Chat iOS13.app */;
			productType = "com.apple.product-type.application";
		};
/* End PBXNativeTarget section */

/* Begin PBXProject section */
		0B62816B235DEE8100E35CAF /* Project object */ = {
			isa = PBXProject;
			attributes = {
				BuildIndependentTargetsInParallel = YES;
				LastSwiftUpdateCheck = 1110;
				LastUpgradeCheck = 1540;
				ORGANIZATIONNAME = "Angela Yu";
				TargetAttributes = {
					0B628172235DEE8100E35CAF = {
						CreatedOnToolsVersion = 11.1;
					};
				};
			};
			buildConfigurationList = 0B62816E235DEE8100E35CAF /* Build configuration list for PBXProject "Flash Chat iOS13" */;
			compatibilityVersion = "Xcode 9.3";
			developmentRegion = en;
			hasScannedForEncodings = 0;
			knownRegions = (
				en,
				Base,
			);
			mainGroup = 0B62816A235DEE8100E35CAF;
			packageReferences = (
				62FD0B2F2C7BE3F50080E2EE /* XCRemoteSwiftPackageReference "firebase-ios-sdk" */,
				62D84C6E2C8106EF00F57700 /* XCRemoteSwiftPackageReference "IQKeyboardManager" */,
			);
			productRefGroup = 0B628174235DEE8100E35CAF /* Products */;
			projectDirPath = "";
			projectRoot = "";
			targets = (
				0B628172235DEE8100E35CAF /* Flash Chat iOS13 */,
			);
		};
/* End PBXProject section */

/* Begin PBXResourcesBuildPhase section */
		0B628171235DEE8100E35CAF /* Resources */ = {
			isa = PBXResourcesBuildPhase;
			buildActionMask = 2147483647;
			files = (
				0B628183235DEE8400E35CAF /* LaunchScreen.storyboard in Resources */,
				6277A2462C7F5B5800A86AD6 /* MessageCell.xib in Resources */,
				0B628180235DEE8400E35CAF /* Assets.xcassets in Resources */,
				62FD0B3D2C7BE4E50080E2EE /* GoogleService-Info.plist in Resources */,
				0B62819E235F0F4D00E35CAF /* README.md in Resources */,
				0B62817E235DEE8100E35CAF /* Main.storyboard in Resources */,
			);
			runOnlyForDeploymentPostprocessing = 0;
		};
/* End PBXResourcesBuildPhase section */

/* Begin PBXShellScriptBuildPhase section */
		06AA1ADEE4429E1A38456E17 /* [CP] Check Pods Manifest.lock */ = {
			isa = PBXShellScriptBuildPhase;
			buildActionMask = 2147483647;
			files = (
			);
			inputFileListPaths = (
			);
			inputPaths = (
				"${PODS_PODFILE_DIR_PATH}/Podfile.lock",
				"${PODS_ROOT}/Manifest.lock",
			);
			name = "[CP] Check Pods Manifest.lock";
			outputFileListPaths = (
			);
			outputPaths = (
				"$(DERIVED_FILE_DIR)/Pods-Flash Chat iOS13-checkManifestLockResult.txt",
			);
			runOnlyForDeploymentPostprocessing = 0;
			shellPath = /bin/sh;
			shellScript = "diff \"${PODS_PODFILE_DIR_PATH}/Podfile.lock\" \"${PODS_ROOT}/Manifest.lock\" > /dev/null\nif [ $? != 0 ] ; then\n    # print error to STDERR\n    echo \"error: The sandbox is not in sync with the Podfile.lock. Run 'pod install' or update your CocoaPods installation.\" >&2\n    exit 1\nfi\n# This output is used by Xcode 'outputs' to avoid re-running this script phase.\necho \"SUCCESS\" > \"${SCRIPT_OUTPUT_FILE_0}\"\n";
			showEnvVarsInLog = 0;
		};
		9B50ABFCF2443ED54B158F65 /* [CP] Embed Pods Frameworks */ = {
			isa = PBXShellScriptBuildPhase;
			buildActionMask = 2147483647;
			files = (
			);
			inputFileListPaths = (
				"${PODS_ROOT}/Target Support Files/Pods-Flash Chat iOS13/Pods-Flash Chat iOS13-frameworks-${CONFIGURATION}-input-files.xcfilelist",
			);
			name = "[CP] Embed Pods Frameworks";
			outputFileListPaths = (
				"${PODS_ROOT}/Target Support Files/Pods-Flash Chat iOS13/Pods-Flash Chat iOS13-frameworks-${CONFIGURATION}-output-files.xcfilelist",
			);
			runOnlyForDeploymentPostprocessing = 0;
			shellPath = /bin/sh;
			shellScript = "\"${PODS_ROOT}/Target Support Files/Pods-Flash Chat iOS13/Pods-Flash Chat iOS13-frameworks.sh\"\n";
			showEnvVarsInLog = 0;
		};
/* End PBXShellScriptBuildPhase section */

/* Begin PBXSourcesBuildPhase section */
		0B62816F235DEE8100E35CAF /* Sources */ = {
			isa = PBXSourcesBuildPhase;
			buildActionMask = 2147483647;
			files = (
				0B62818B235DF00000E35CAF /* WelcomeViewController.swift in Sources */,
				626613D12C80EBFF003CED09 /* AppCheckFactory.swift in Sources */,
				0B628177235DEE8100E35CAF /* AppDelegate.swift in Sources */,
				0B628179235DEE8100E35CAF /* SceneDelegate.swift in Sources */,
				0B62818F235DF01000E35CAF /* LoginViewController.swift in Sources */,
				625B87D82C7D313C002A2BB2 /* Constants.swift in Sources */,
				625B87DA2C7D353D002A2BB2 /* Message.swift in Sources */,
				0B628191235DF01B00E35CAF /* ChatViewController.swift in Sources */,
				0B62818D235DF00B00E35CAF /* RegisterViewController.swift in Sources */,
				626613CF2C80EBBD003CED09 /* AppCheck.swift in Sources */,
				6277A2452C7F5B5800A86AD6 /* MessageCell.swift in Sources */,
			);
			runOnlyForDeploymentPostprocessing = 0;
		};
/* End PBXSourcesBuildPhase section */

/* Begin PBXVariantGroup section */
		0B62817C235DEE8100E35CAF /* Main.storyboard */ = {
			isa = PBXVariantGroup;
			children = (
				0B62817D235DEE8100E35CAF /* Base */,
			);
			name = Main.storyboard;
			sourceTree = "<group>";
		};
		0B628181235DEE8400E35CAF /* LaunchScreen.storyboard */ = {
			isa = PBXVariantGroup;
			children = (
				0B628182235DEE8400E35CAF /* Base */,
			);
			name = LaunchScreen.storyboard;
			sourceTree = "<group>";
		};
/* End PBXVariantGroup section */

/* Begin XCBuildConfiguration section */
		0B628185235DEE8400E35CAF /* Debug */ = {
			isa = XCBuildConfiguration;
			buildSettings = {
				ALWAYS_SEARCH_USER_PATHS = NO;
				CLANG_ANALYZER_NONNULL = YES;
				CLANG_ANALYZER_NUMBER_OBJECT_CONVERSION = YES_AGGRESSIVE;
				CLANG_CXX_LANGUAGE_STANDARD = "gnu++14";
				CLANG_CXX_LIBRARY = "libc++";
				CLANG_ENABLE_MODULES = YES;
				CLANG_ENABLE_OBJC_ARC = YES;
				CLANG_ENABLE_OBJC_WEAK = YES;
				CLANG_WARN_BLOCK_CAPTURE_AUTORELEASING = YES;
				CLANG_WARN_BOOL_CONVERSION = YES;
				CLANG_WARN_COMMA = YES;
				CLANG_WARN_CONSTANT_CONVERSION = YES;
				CLANG_WARN_DEPRECATED_OBJC_IMPLEMENTATIONS = YES;
				CLANG_WARN_DIRECT_OBJC_ISA_USAGE = YES_ERROR;
				CLANG_WARN_DOCUMENTATION_COMMENTS = YES;
				CLANG_WARN_EMPTY_BODY = YES;
				CLANG_WARN_ENUM_CONVERSION = YES;
				CLANG_WARN_INFINITE_RECURSION = YES;
				CLANG_WARN_INT_CONVERSION = YES;
				CLANG_WARN_NON_LITERAL_NULL_CONVERSION = YES;
				CLANG_WARN_OBJC_IMPLICIT_RETAIN_SELF = YES;
				CLANG_WARN_OBJC_LITERAL_CONVERSION = YES;
				CLANG_WARN_OBJC_ROOT_CLASS = YES_ERROR;
				CLANG_WARN_QUOTED_INCLUDE_IN_FRAMEWORK_HEADER = YES;
				CLANG_WARN_RANGE_LOOP_ANALYSIS = YES;
				CLANG_WARN_STRICT_PROTOTYPES = YES;
				CLANG_WARN_SUSPICIOUS_MOVE = YES;
				CLANG_WARN_UNGUARDED_AVAILABILITY = YES_AGGRESSIVE;
				CLANG_WARN_UNREACHABLE_CODE = YES;
				CLANG_WARN__DUPLICATE_METHOD_MATCH = YES;
				COPY_PHASE_STRIP = NO;
				DEBUG_INFORMATION_FORMAT = dwarf;
				ENABLE_STRICT_OBJC_MSGSEND = YES;
				ENABLE_TESTABILITY = YES;
				ENABLE_USER_SCRIPT_SANDBOXING = NO;
				GCC_C_LANGUAGE_STANDARD = gnu11;
				GCC_DYNAMIC_NO_PIC = NO;
				GCC_NO_COMMON_BLOCKS = YES;
				GCC_OPTIMIZATION_LEVEL = 0;
				GCC_PREPROCESSOR_DEFINITIONS = (
					"DEBUG=1",
					"$(inherited)",
				);
				GCC_WARN_64_TO_32_BIT_CONVERSION = YES;
				GCC_WARN_ABOUT_RETURN_TYPE = YES_ERROR;
				GCC_WARN_UNDECLARED_SELECTOR = YES;
				GCC_WARN_UNINITIALIZED_AUTOS = YES_AGGRESSIVE;
				GCC_WARN_UNUSED_FUNCTION = YES;
				GCC_WARN_UNUSED_VARIABLE = YES;
				IPHONEOS_DEPLOYMENT_TARGET = 13.0;
				MTL_ENABLE_DEBUG_INFO = INCLUDE_SOURCE;
				MTL_FAST_MATH = YES;
				ONLY_ACTIVE_ARCH = YES;
				SDKROOT = iphoneos;
				SWIFT_ACTIVE_COMPILATION_CONDITIONS = DEBUG;
				SWIFT_OPTIMIZATION_LEVEL = "-Onone";
			};
			name = Debug;
		};
		0B628186235DEE8400E35CAF /* Release */ = {
			isa = XCBuildConfiguration;
			buildSettings = {
				ALWAYS_SEARCH_USER_PATHS = NO;
				CLANG_ANALYZER_NONNULL = YES;
				CLANG_ANALYZER_NUMBER_OBJECT_CONVERSION = YES_AGGRESSIVE;
				CLANG_CXX_LANGUAGE_STANDARD = "gnu++14";
				CLANG_CXX_LIBRARY = "libc++";
				CLANG_ENABLE_MODULES = YES;
				CLANG_ENABLE_OBJC_ARC = YES;
				CLANG_ENABLE_OBJC_WEAK = YES;
				CLANG_WARN_BLOCK_CAPTURE_AUTORELEASING = YES;
				CLANG_WARN_BOOL_CONVERSION = YES;
				CLANG_WARN_COMMA = YES;
				CLANG_WARN_CONSTANT_CONVERSION = YES;
				CLANG_WARN_DEPRECATED_OBJC_IMPLEMENTATIONS = YES;
				CLANG_WARN_DIRECT_OBJC_ISA_USAGE = YES_ERROR;
				CLANG_WARN_DOCUMENTATION_COMMENTS = YES;
				CLANG_WARN_EMPTY_BODY = YES;
				CLANG_WARN_ENUM_CONVERSION = YES;
				CLANG_WARN_INFINITE_RECURSION = YES;
				CLANG_WARN_INT_CONVERSION = YES;
				CLANG_WARN_NON_LITERAL_NULL_CONVERSION = YES;
				CLANG_WARN_OBJC_IMPLICIT_RETAIN_SELF = YES;
				CLANG_WARN_OBJC_LITERAL_CONVERSION = YES;
				CLANG_WARN_OBJC_ROOT_CLASS = YES_ERROR;
				CLANG_WARN_QUOTED_INCLUDE_IN_FRAMEWORK_HEADER = YES;
				CLANG_WARN_RANGE_LOOP_ANALYSIS = YES;
				CLANG_WARN_STRICT_PROTOTYPES = YES;
				CLANG_WARN_SUSPICIOUS_MOVE = YES;
				CLANG_WARN_UNGUARDED_AVAILABILITY = YES_AGGRESSIVE;
				CLANG_WARN_UNREACHABLE_CODE = YES;
				CLANG_WARN__DUPLICATE_METHOD_MATCH = YES;
				COPY_PHASE_STRIP = NO;
				DEBUG_INFORMATION_FORMAT = "dwarf-with-dsym";
				ENABLE_NS_ASSERTIONS = NO;
				ENABLE_STRICT_OBJC_MSGSEND = YES;
				ENABLE_USER_SCRIPT_SANDBOXING = NO;
				GCC_C_LANGUAGE_STANDARD = gnu11;
				GCC_NO_COMMON_BLOCKS = YES;
				GCC_WARN_64_TO_32_BIT_CONVERSION = YES;
				GCC_WARN_ABOUT_RETURN_TYPE = YES_ERROR;
				GCC_WARN_UNDECLARED_SELECTOR = YES;
				GCC_WARN_UNINITIALIZED_AUTOS = YES_AGGRESSIVE;
				GCC_WARN_UNUSED_FUNCTION = YES;
				GCC_WARN_UNUSED_VARIABLE = YES;
				IPHONEOS_DEPLOYMENT_TARGET = 13.0;
				MTL_ENABLE_DEBUG_INFO = NO;
				MTL_FAST_MATH = YES;
				SDKROOT = iphoneos;
				SWIFT_COMPILATION_MODE = wholemodule;
				SWIFT_OPTIMIZATION_LEVEL = "-O";
				VALIDATE_PRODUCT = YES;
			};
			name = Release;
		};
		0B628188235DEE8400E35CAF /* Debug */ = {
			isa = XCBuildConfiguration;
			baseConfigurationReference = 6E76F928DA4CDD581D971FFE /* Pods-Flash Chat iOS13.debug.xcconfig */;
			buildSettings = {
				ASSETCATALOG_COMPILER_APPICON_NAME = AppIcon;
				CODE_SIGN_STYLE = Automatic;
				DEVELOPMENT_TEAM = 4W6SW45TNW;
				INFOPLIST_FILE = "Flash Chat iOS13/Info.plist";
				LD_RUNPATH_SEARCH_PATHS = (
					"$(inherited)",
					"@executable_path/Frameworks",
				);
				PRODUCT_BUNDLE_IDENTIFIER = com.bbsh.flashchat;
				PRODUCT_NAME = "$(TARGET_NAME)";
				SWIFT_VERSION = 5.0;
				TARGETED_DEVICE_FAMILY = 1;
			};
			name = Debug;
		};
		0B628189235DEE8400E35CAF /* Release */ = {
			isa = XCBuildConfiguration;
			baseConfigurationReference = 9A5FEF2D661468E1532F5FBD /* Pods-Flash Chat iOS13.release.xcconfig */;
			buildSettings = {
				ASSETCATALOG_COMPILER_APPICON_NAME = AppIcon;
				CODE_SIGN_STYLE = Automatic;
				DEVELOPMENT_TEAM = 4W6SW45TNW;
				INFOPLIST_FILE = "Flash Chat iOS13/Info.plist";
				LD_RUNPATH_SEARCH_PATHS = (
					"$(inherited)",
					"@executable_path/Frameworks",
				);
				PRODUCT_BUNDLE_IDENTIFIER = com.bbsh.flashchat;
				PRODUCT_NAME = "$(TARGET_NAME)";
				SWIFT_VERSION = 5.0;
				TARGETED_DEVICE_FAMILY = 1;
			};
			name = Release;
		};
/* End XCBuildConfiguration section */

/* Begin XCConfigurationList section */
		0B62816E235DEE8100E35CAF /* Build configuration list for PBXProject "Flash Chat iOS13" */ = {
			isa = XCConfigurationList;
			buildConfigurations = (
				0B628185235DEE8400E35CAF /* Debug */,
				0B628186235DEE8400E35CAF /* Release */,
			);
			defaultConfigurationIsVisible = 0;
			defaultConfigurationName = Release;
		};
		0B628187235DEE8400E35CAF /* Build configuration list for PBXNativeTarget "Flash Chat iOS13" */ = {
			isa = XCConfigurationList;
			buildConfigurations = (
				0B628188235DEE8400E35CAF /* Debug */,
				0B628189235DEE8400E35CAF /* Release */,
			);
			defaultConfigurationIsVisible = 0;
			defaultConfigurationName = Release;
		};
/* End XCConfigurationList section */

/* Begin XCRemoteSwiftPackageReference section */
		62D84C6E2C8106EF00F57700 /* XCRemoteSwiftPackageReference "IQKeyboardManager" */ = {
			isa = XCRemoteSwiftPackageReference;
			repositoryURL = "https://github.com/hackiftekhar/IQKeyboardManager.git";
			requirement = {
				kind = upToNextMajorVersion;
				minimumVersion = 7.1.1;
			};
		};
		62FD0B2F2C7BE3F50080E2EE /* XCRemoteSwiftPackageReference "firebase-ios-sdk" */ = {
			isa = XCRemoteSwiftPackageReference;
			repositoryURL = "https://github.com/firebase/firebase-ios-sdk.git";
			requirement = {
				kind = upToNextMajorVersion;
				minimumVersion = 11.1.0;
			};
		};
/* End XCRemoteSwiftPackageReference section */

/* Begin XCSwiftPackageProductDependency section */
		6290D3FB2C80F02500C8B93E /* FirebaseAppCheck */ = {
			isa = XCSwiftPackageProductDependency;
			package = 62FD0B2F2C7BE3F50080E2EE /* XCRemoteSwiftPackageReference "firebase-ios-sdk" */;
			productName = FirebaseAppCheck;
		};
		62D84C6F2C8106EF00F57700 /* IQKeyboardManagerSwift */ = {
			isa = XCSwiftPackageProductDependency;
			package = 62D84C6E2C8106EF00F57700 /* XCRemoteSwiftPackageReference "IQKeyboardManager" */;
			productName = IQKeyboardManagerSwift;
		};
		62FD0B302C7BE3F50080E2EE /* FirebaseAuth */ = {
			isa = XCSwiftPackageProductDependency;
			package = 62FD0B2F2C7BE3F50080E2EE /* XCRemoteSwiftPackageReference "firebase-ios-sdk" */;
			productName = FirebaseAuth;
		};
		62FD0B322C7BE3F50080E2EE /* FirebaseFirestore */ = {
			isa = XCSwiftPackageProductDependency;
			package = 62FD0B2F2C7BE3F50080E2EE /* XCRemoteSwiftPackageReference "firebase-ios-sdk" */;
			productName = FirebaseFirestore;
		};
		62FD0B362C7BE3F50080E2EE /* FirebaseInstallations */ = {
			isa = XCSwiftPackageProductDependency;
			package = 62FD0B2F2C7BE3F50080E2EE /* XCRemoteSwiftPackageReference "firebase-ios-sdk" */;
			productName = FirebaseInstallations;
		};
		62FD0B382C7BE3F50080E2EE /* FirebaseMessaging */ = {
			isa = XCSwiftPackageProductDependency;
			package = 62FD0B2F2C7BE3F50080E2EE /* XCRemoteSwiftPackageReference "firebase-ios-sdk" */;
			productName = FirebaseMessaging;
		};
		62FD0B3A2C7BE3F50080E2EE /* FirebaseStorage */ = {
			isa = XCSwiftPackageProductDependency;
			package = 62FD0B2F2C7BE3F50080E2EE /* XCRemoteSwiftPackageReference "firebase-ios-sdk" */;
			productName = FirebaseStorage;
		};
/* End XCSwiftPackageProductDependency section */
	};
	rootObject = 0B62816B235DEE8100E35CAF /* Project object */;
}
